
Microsoft Visual Studio Solution File, Format Version 12.00
# Visual Studio Version 17
VisualStudioVersion = 17.3.32819.101
MinimumVisualStudioVersion = 10.0.40219.1
Project("{8BC9CEB8-8B4A-11D0-8D11-00A0C91BC942}") = "Zadanie19", "Zadanie19.vcxproj", "{A3B443F8-E1F5-4100-9BD7-2E8A6D143DF6}"
EndProject
Project("{8BC9CEB8-8B4A-11D0-8D11-00A0C91BC942}") = "Zdanie19class", "..\Zdanie19class\Zdanie19class.vcxproj", "{4664CF4F-4C03-4979-977A-8D5BEFB3B5E0}"
EndProject
Project("{8BC9CEB8-8B4A-11D0-8D11-00A0C91BC942}") = "pesel", "..\..\SDA\Algorytmy\pesel\pesel.vcxproj", "{5F6F7821-26FF-4F2F-B2CB-3671FAF14AF6}"
EndProject
Project("{8BC9CEB8-8B4A-11D0-8D11-00A0C91BC942}") = "Zad.1-13", "..\..\SDA\CPPZaawansowany\Zad.1-13\Zad.1-13.vcxproj", "{89642F4C-3AEC-464E-8954-C080A8CCF966}"
EndProject
Project("{8BC9CEB8-8B4A-11D0-8D11-00A0C91BC942}") = "ConsoleApplication1", "..\..\SDA\moje zadania\ConsoleApplication1\ConsoleApplication1.vcxproj", "{CD032848-A188-4FD3-AC3C-60B09DB5CD85}"
EndProject
Project("{8BC9CEB8-8B4A-11D0-8D11-00A0C91BC942}") = "Zadanie9", "..\..\SDA\ZAAWANSOWANY\Zadanie9\Zadanie9.vcxproj", "{3A0A3220-B196-465D-AC6F-B0D904A39856}"
EndProject
Project("{8BC9CEB8-8B4A-11D0-8D11-00A0C91BC942}") = "BubbleSort", "..\..\SDA\Algorytmy\BubbleSort\BubbleSort.vcxproj", "{69B12B39-87D8-4289-9D06-88CCCE004EE4}"
EndProject
Project("{8BC9CEB8-8B4A-11D0-8D11-00A0C91BC942}") = "VectorSzablon", "..\..\SDA\Algorytmy\VectorSzablon\VectorSzablon.vcxproj", "{B15BE831-DC3D-4A86-B39E-E0F160738534}"
EndProject
Project("{8BC9CEB8-8B4A-11D0-8D11-00A0C91BC942}") = "Zadania", "..\..\SDA\CPPZaawansowany\Zadanie.1\Zadanie.1.vcxproj", "{7ACD603D-22A1-413D-BAA2-749A38609B40}"
EndProject
Project("{8BC9CEB8-8B4A-11D0-8D11-00A0C91BC942}") = "VectorZadanie1", "..\..\SDA\CPPZaawansowany\VectorZadanie1\VectorZadanie1.vcxproj", "{ABA21537-4A3A-4491-9B1E-724EE31B19B0}"
EndProject
Global
	GlobalSection(SolutionConfigurationPlatforms) = preSolution
		Debug|x64 = Debug|x64
		Debug|x86 = Debug|x86
		Release|x64 = Release|x64
		Release|x86 = Release|x86
	EndGlobalSection
	GlobalSection(ProjectConfigurationPlatforms) = postSolution
		{A3B443F8-E1F5-4100-9BD7-2E8A6D143DF6}.Debug|x64.ActiveCfg = Debug|x64
		{A3B443F8-E1F5-4100-9BD7-2E8A6D143DF6}.Debug|x64.Build.0 = Debug|x64
		{A3B443F8-E1F5-4100-9BD7-2E8A6D143DF6}.Debug|x86.ActiveCfg = Debug|Win32
		{A3B443F8-E1F5-4100-9BD7-2E8A6D143DF6}.Debug|x86.Build.0 = Debug|Win32
		{A3B443F8-E1F5-4100-9BD7-2E8A6D143DF6}.Release|x64.ActiveCfg = Release|x64
		{A3B443F8-E1F5-4100-9BD7-2E8A6D143DF6}.Release|x64.Build.0 = Release|x64
		{A3B443F8-E1F5-4100-9BD7-2E8A6D143DF6}.Release|x86.ActiveCfg = Release|Win32
		{A3B443F8-E1F5-4100-9BD7-2E8A6D143DF6}.Release|x86.Build.0 = Release|Win32
		{4664CF4F-4C03-4979-977A-8D5BEFB3B5E0}.Debug|x64.ActiveCfg = Debug|x64
		{4664CF4F-4C03-4979-977A-8D5BEFB3B5E0}.Debug|x64.Build.0 = Debug|x64
		{4664CF4F-4C03-4979-977A-8D5BEFB3B5E0}.Debug|x86.ActiveCfg = Debug|Win32
		{4664CF4F-4C03-4979-977A-8D5BEFB3B5E0}.Debug|x86.Build.0 = Debug|Win32
		{4664CF4F-4C03-4979-977A-8D5BEFB3B5E0}.Release|x64.ActiveCfg = Release|x64
		{4664CF4F-4C03-4979-977A-8D5BEFB3B5E0}.Release|x64.Build.0 = Release|x64
		{4664CF4F-4C03-4979-977A-8D5BEFB3B5E0}.Release|x86.ActiveCfg = Release|Win32
		{4664CF4F-4C03-4979-977A-8D5BEFB3B5E0}.Release|x86.Build.0 = Release|Win32
		{5F6F7821-26FF-4F2F-B2CB-3671FAF14AF6}.Debug|x64.ActiveCfg = Debug|x64
		{5F6F7821-26FF-4F2F-B2CB-3671FAF14AF6}.Debug|x64.Build.0 = Debug|x64
		{5F6F7821-26FF-4F2F-B2CB-3671FAF14AF6}.Debug|x86.ActiveCfg = Debug|Win32
		{5F6F7821-26FF-4F2F-B2CB-3671FAF14AF6}.Debug|x86.Build.0 = Debug|Win32
		{5F6F7821-26FF-4F2F-B2CB-3671FAF14AF6}.Release|x64.ActiveCfg = Release|x64
		{5F6F7821-26FF-4F2F-B2CB-3671FAF14AF6}.Release|x64.Build.0 = Release|x64
		{5F6F7821-26FF-4F2F-B2CB-3671FAF14AF6}.Release|x86.ActiveCfg = Release|Win32
		{5F6F7821-26FF-4F2F-B2CB-3671FAF14AF6}.Release|x86.Build.0 = Release|Win32
		{89642F4C-3AEC-464E-8954-C080A8CCF966}.Debug|x64.ActiveCfg = Debug|x64
		{89642F4C-3AEC-464E-8954-C080A8CCF966}.Debug|x64.Build.0 = Debug|x64
		{89642F4C-3AEC-464E-8954-C080A8CCF966}.Debug|x86.ActiveCfg = Debug|Win32
		{89642F4C-3AEC-464E-8954-C080A8CCF966}.Debug|x86.Build.0 = Debug|Win32
		{89642F4C-3AEC-464E-8954-C080A8CCF966}.Release|x64.ActiveCfg = Release|x64
		{89642F4C-3AEC-464E-8954-C080A8CCF966}.Release|x64.Build.0 = Release|x64
		{89642F4C-3AEC-464E-8954-C080A8CCF966}.Release|x86.ActiveCfg = Release|Win32
		{89642F4C-3AEC-464E-8954-C080A8CCF966}.Release|x86.Build.0 = Release|Win32
		{CD032848-A188-4FD3-AC3C-60B09DB5CD85}.Debug|x64.ActiveCfg = Debug|x64
		{CD032848-A188-4FD3-AC3C-60B09DB5CD85}.Debug|x64.Build.0 = Debug|x64
		{CD032848-A188-4FD3-AC3C-60B09DB5CD85}.Debug|x86.ActiveCfg = Debug|Win32
		{CD032848-A188-4FD3-AC3C-60B09DB5CD85}.Debug|x86.Build.0 = Debug|Win32
		{CD032848-A188-4FD3-AC3C-60B09DB5CD85}.Release|x64.ActiveCfg = Release|x64
		{CD032848-A188-4FD3-AC3C-60B09DB5CD85}.Release|x64.Build.0 = Release|x64
		{CD032848-A188-4FD3-AC3C-60B09DB5CD85}.Release|x86.ActiveCfg = Release|Win32
		{CD032848-A188-4FD3-AC3C-60B09DB5CD85}.Release|x86.Build.0 = Release|Win32
		{3A0A3220-B196-465D-AC6F-B0D904A39856}.Debug|x64.ActiveCfg = Debug|x64
		{3A0A3220-B196-465D-AC6F-B0D904A39856}.Debug|x64.Build.0 = Debug|x64
		{3A0A3220-B196-465D-AC6F-B0D904A39856}.Debug|x86.ActiveCfg = Debug|Win32
		{3A0A3220-B196-465D-AC6F-B0D904A39856}.Debug|x86.Build.0 = Debug|Win32
		{3A0A3220-B196-465D-AC6F-B0D904A39856}.Release|x64.ActiveCfg = Release|x64
		{3A0A3220-B196-465D-AC6F-B0D904A39856}.Release|x64.Build.0 = Release|x64
		{3A0A3220-B196-465D-AC6F-B0D904A39856}.Release|x86.ActiveCfg = Release|Win32
		{3A0A3220-B196-465D-AC6F-B0D904A39856}.Release|x86.Build.0 = Release|Win32
		{69B12B39-87D8-4289-9D06-88CCCE004EE4}.Debug|x64.ActiveCfg = Debug|x64
		{69B12B39-87D8-4289-9D06-88CCCE004EE4}.Debug|x64.Build.0 = Debug|x64
		{69B12B39-87D8-4289-9D06-88CCCE004EE4}.Debug|x86.ActiveCfg = Debug|Win32
		{69B12B39-87D8-4289-9D06-88CCCE004EE4}.Debug|x86.Build.0 = Debug|Win32
		{69B12B39-87D8-4289-9D06-88CCCE004EE4}.Release|x64.ActiveCfg = Release|x64
		{69B12B39-87D8-4289-9D06-88CCCE004EE4}.Release|x64.Build.0 = Release|x64
		{69B12B39-87D8-4289-9D06-88CCCE004EE4}.Release|x86.ActiveCfg = Release|Win32
		{69B12B39-87D8-4289-9D06-88CCCE004EE4}.Release|x86.Build.0 = Release|Win32
		{B15BE831-DC3D-4A86-B39E-E0F160738534}.Debug|x64.ActiveCfg = Debug|x64
		{B15BE831-DC3D-4A86-B39E-E0F160738534}.Debug|x64.Build.0 = Debug|x64
		{B15BE831-DC3D-4A86-B39E-E0F160738534}.Debug|x86.ActiveCfg = Debug|Win32
		{B15BE831-DC3D-4A86-B39E-E0F160738534}.Debug|x86.Build.0 = Debug|Win32
		{B15BE831-DC3D-4A86-B39E-E0F160738534}.Release|x64.ActiveCfg = Release|x64
		{B15BE831-DC3D-4A86-B39E-E0F160738534}.Release|x64.Build.0 = Release|x64
		{B15BE831-DC3D-4A86-B39E-E0F160738534}.Release|x86.ActiveCfg = Release|Win32
		{B15BE831-DC3D-4A86-B39E-E0F160738534}.Release|x86.Build.0 = Release|Win32
		{7ACD603D-22A1-413D-BAA2-749A38609B40}.Debug|x64.ActiveCfg = Debug|x64
		{7ACD603D-22A1-413D-BAA2-749A38609B40}.Debug|x64.Build.0 = Debug|x64
		{7ACD603D-22A1-413D-BAA2-749A38609B40}.Debug|x86.ActiveCfg = Debug|Win32
		{7ACD603D-22A1-413D-BAA2-749A38609B40}.Debug|x86.Build.0 = Debug|Win32
		{7ACD603D-22A1-413D-BAA2-749A38609B40}.Release|x64.ActiveCfg = Release|x64
		{7ACD603D-22A1-413D-BAA2-749A38609B40}.Release|x64.Build.0 = Release|x64
		{7ACD603D-22A1-413D-BAA2-749A38609B40}.Release|x86.ActiveCfg = Release|Win32
		{7ACD603D-22A1-413D-BAA2-749A38609B40}.Release|x86.Build.0 = Release|Win32
		{ABA21537-4A3A-4491-9B1E-724EE31B19B0}.Debug|x64.ActiveCfg = Debug|x64
		{ABA21537-4A3A-4491-9B1E-724EE31B19B0}.Debug|x64.Build.0 = Debug|x64
		{ABA21537-4A3A-4491-9B1E-724EE31B19B0}.Debug|x86.ActiveCfg = Debug|Win32
		{ABA21537-4A3A-4491-9B1E-724EE31B19B0}.Debug|x86.Build.0 = Debug|Win32
		{ABA21537-4A3A-4491-9B1E-724EE31B19B0}.Release|x64.ActiveCfg = Release|x64
		{ABA21537-4A3A-4491-9B1E-724EE31B19B0}.Release|x64.Build.0 = Release|x64
		{ABA21537-4A3A-4491-9B1E-724EE31B19B0}.Release|x86.ActiveCfg = Release|Win32
		{ABA21537-4A3A-4491-9B1E-724EE31B19B0}.Release|x86.Build.0 = Release|Win32
	EndGlobalSection
	GlobalSection(SolutionProperties) = preSolution
		HideSolutionNode = FALSE
	EndGlobalSection
	GlobalSection(ExtensibilityGlobals) = postSolution
		SolutionGuid = {16B8A9BE-B263-4082-973A-5A62989ED7B3}
	EndGlobalSection
EndGlobal
